
Microsoft Visual Studio Solution File, Format Version 12.00
# Visual Studio Version 17
VisualStudioVersion = 17.5.002.0
MinimumVisualStudioVersion = 10.0.40219.1
Project("{9A19103F-16F7-4668-BE54-9A1E7A4F7556}") = "Unohana", "Unohana.csproj", "{008E8810-9AFE-4583-805F-31807D8227AB}"
EndProject
Global
	GlobalSection(SolutionConfigurationPlatforms) = preSolution
		Debug|Any CPU = Debug|Any CPU
		Release|Any CPU = Release|Any CPU
	EndGlobalSection
	GlobalSection(ProjectConfigurationPlatforms) = postSolution
		{008E8810-9AFE-4583-805F-31807D8227AB}.Debug|Any CPU.ActiveCfg = Debug|Any CPU
		{008E8810-9AFE-4583-805F-31807D8227AB}.Debug|Any CPU.Build.0 = Debug|Any CPU
		{008E8810-9AFE-4583-805F-31807D8227AB}.Release|Any CPU.ActiveCfg = Release|Any CPU
		{008E8810-9AFE-4583-805F-31807D8227AB}.Release|Any CPU.Build.0 = Release|Any CPU
	EndGlobalSection
	GlobalSection(SolutionProperties) = preSolution
		HideSolutionNode = FALSE
	EndGlobalSection
	GlobalSection(ExtensibilityGlobals) = postSolution
		SolutionGuid = {0D804DAF-7A15-477B-85F7-33A4C69CF630}
	EndGlobalSection
EndGlobal
