
Microsoft Visual Studio Solution File, Format Version 12.00
# Visual Studio Version 17
VisualStudioVersion = 17.14.36212.18
MinimumVisualStudioVersion = 10.0.40219.1
Project("{FAE04EC0-301F-11D3-BF4B-00C04F79EFBC}") = "Unohana", "Unohana\Unohana.csproj", "{3F8AB03F-A7A7-41A3-A532-3E58740A3F87}"
EndProject
Project("{FAE04EC0-301F-11D3-BF4B-00C04F79EFBC}") = "Unohana.Client", "Unohana.Client\Unohana.Client.csproj", "{FECE75DD-77FB-4B7A-94B9-1369D7423EC1}"
EndProject
Global
	GlobalSection(SolutionConfigurationPlatforms) = preSolution
		Debug|Any CPU = Debug|Any CPU
		Release|Any CPU = Release|Any CPU
	EndGlobalSection
	GlobalSection(ProjectConfigurationPlatforms) = postSolution
		{3F8AB03F-A7A7-41A3-A532-3E58740A3F87}.Debug|Any CPU.ActiveCfg = Debug|Any CPU
		{3F8AB03F-A7A7-41A3-A532-3E58740A3F87}.Debug|Any CPU.Build.0 = Debug|Any CPU
		{3F8AB03F-A7A7-41A3-A532-3E58740A3F87}.Release|Any CPU.ActiveCfg = Release|Any CPU
		{3F8AB03F-A7A7-41A3-A532-3E58740A3F87}.Release|Any CPU.Build.0 = Release|Any CPU
		{FECE75DD-77FB-4B7A-94B9-1369D7423EC1}.Debug|Any CPU.ActiveCfg = Debug|Any CPU
		{FECE75DD-77FB-4B7A-94B9-1369D7423EC1}.Debug|Any CPU.Build.0 = Debug|Any CPU
		{FECE75DD-77FB-4B7A-94B9-1369D7423EC1}.Release|Any CPU.ActiveCfg = Release|Any CPU
		{FECE75DD-77FB-4B7A-94B9-1369D7423EC1}.Release|Any CPU.Build.0 = Release|Any CPU
	EndGlobalSection
	GlobalSection(SolutionProperties) = preSolution
		HideSolutionNode = FALSE
	EndGlobalSection
	GlobalSection(ExtensibilityGlobals) = postSolution
		SolutionGuid = {566912D2-5DB4-48B3-B9B9-B393E607E99D}
	EndGlobalSection
EndGlobal
